
Microsoft Visual Studio Solution File, Format Version 12.00
# Visual Studio 15
VisualStudioVersion = 15.0.28307.136
MinimumVisualStudioVersion = 10.0.40219.1
Project("{FAE04EC0-301F-11D3-BF4B-00C04F79EFBC}") = "TFLDemo", "TFLDemo\TFLDemo.csproj", "{CD3BF110-B2DD-4930-9587-7061D3B5ED84}"
EndProject
Global
	GlobalSection(SolutionConfigurationPlatforms) = preSolution
		Debug|Any CPU = Debug|Any CPU
		Release|Any CPU = Release|Any CPU
	EndGlobalSection
	GlobalSection(ProjectConfigurationPlatforms) = postSolution
		{CD3BF110-B2DD-4930-9587-7061D3B5ED84}.Debug|Any CPU.ActiveCfg = Debug|Any CPU
		{CD3BF110-B2DD-4930-9587-7061D3B5ED84}.Debug|Any CPU.Build.0 = Debug|Any CPU
		{CD3BF110-B2DD-4930-9587-7061D3B5ED84}.Debug|Any CPU.Deploy.0 = Debug|Any CPU
		{CD3BF110-B2DD-4930-9587-7061D3B5ED84}.Release|Any CPU.ActiveCfg = Release|Any CPU
		{CD3BF110-B2DD-4930-9587-7061D3B5ED84}.Release|Any CPU.Build.0 = Release|Any CPU
		{CD3BF110-B2DD-4930-9587-7061D3B5ED84}.Release|Any CPU.Deploy.0 = Release|Any CPU
	EndGlobalSection
	GlobalSection(SolutionProperties) = preSolution
		HideSolutionNode = FALSE
	EndGlobalSection
	GlobalSection(ExtensibilityGlobals) = postSolution
		SolutionGuid = {0CC79311-47E8-44E3-B219-3F8D4EBB79D5}
	EndGlobalSection
EndGlobal
